
Microsoft Visual Studio Solution File, Format Version 12.00
# Visual Studio Version 16
VisualStudioVersion = 16.0.29806.167
MinimumVisualStudioVersion = 10.0.40219.1
Project("{FAE04EC0-301F-11D3-BF4B-00C04F79EFBC}") = "university", "university\university.csproj", "{C67F8DFF-CB5B-4D86-8DD0-15838E975E73}"
EndProject
Project("{00D1A9C2-B5F0-4AF3-8072-F6C62B433612}") = "Database1", "Database1\Database1.sqlproj", "{6026C8DD-B93B-45D1-A289-F763939DC8E2}"
EndProject
Global
	GlobalSection(SolutionConfigurationPlatforms) = preSolution
		Debug|Any CPU = Debug|Any CPU
		Release|Any CPU = Release|Any CPU
	EndGlobalSection
	GlobalSection(ProjectConfigurationPlatforms) = postSolution
		{C67F8DFF-CB5B-4D86-8DD0-15838E975E73}.Debug|Any CPU.ActiveCfg = Debug|Any CPU
		{C67F8DFF-CB5B-4D86-8DD0-15838E975E73}.Debug|Any CPU.Build.0 = Debug|Any CPU
		{C67F8DFF-CB5B-4D86-8DD0-15838E975E73}.Release|Any CPU.ActiveCfg = Release|Any CPU
		{C67F8DFF-CB5B-4D86-8DD0-15838E975E73}.Release|Any CPU.Build.0 = Release|Any CPU
		{6026C8DD-B93B-45D1-A289-F763939DC8E2}.Debug|Any CPU.ActiveCfg = Debug|Any CPU
		{6026C8DD-B93B-45D1-A289-F763939DC8E2}.Debug|Any CPU.Build.0 = Debug|Any CPU
		{6026C8DD-B93B-45D1-A289-F763939DC8E2}.Debug|Any CPU.Deploy.0 = Debug|Any CPU
		{6026C8DD-B93B-45D1-A289-F763939DC8E2}.Release|Any CPU.ActiveCfg = Release|Any CPU
		{6026C8DD-B93B-45D1-A289-F763939DC8E2}.Release|Any CPU.Build.0 = Release|Any CPU
		{6026C8DD-B93B-45D1-A289-F763939DC8E2}.Release|Any CPU.Deploy.0 = Release|Any CPU
	EndGlobalSection
	GlobalSection(SolutionProperties) = preSolution
		HideSolutionNode = FALSE
	EndGlobalSection
	GlobalSection(ExtensibilityGlobals) = postSolution
		SolutionGuid = {4E2BCEA0-1525-4CA8-8566-1157AFAB7A9E}
	EndGlobalSection
EndGlobal
